
Microsoft Visual Studio Solution File, Format Version 12.00
# Visual Studio 15
VisualStudioVersion = 15.0.27703.2047
MinimumVisualStudioVersion = 10.0.40219.1
Project("{159641D6-6404-4A2A-AE62-294DE0FE8301}") = "ETL_integration_project", "ETL_integration_project\ETL_integration_project.dtproj", "{48C3E4E2-D126-4C41-BC4B-1E0B0F68D635}"
EndProject
Global
	GlobalSection(SolutionConfigurationPlatforms) = preSolution
		Development|Default = Development|Default
	EndGlobalSection
	GlobalSection(ProjectConfigurationPlatforms) = postSolution
		{48C3E4E2-D126-4C41-BC4B-1E0B0F68D635}.Development|Default.ActiveCfg = Development
		{48C3E4E2-D126-4C41-BC4B-1E0B0F68D635}.Development|Default.Build.0 = Development
	EndGlobalSection
	GlobalSection(SolutionProperties) = preSolution
		HideSolutionNode = FALSE
	EndGlobalSection
	GlobalSection(ExtensibilityGlobals) = postSolution
		SolutionGuid = {E5E3E59E-8D08-432D-9CFB-0F9052D2EA48}
	EndGlobalSection
EndGlobal
